
Microsoft Visual Studio Solution File, Format Version 12.00
# Visual Studio 15
VisualStudioVersion = 15.0.26730.10
MinimumVisualStudioVersion = 10.0.40219.1
Project("{9A19103F-16F7-4668-BE54-9A1E7A4F7556}") = "MyCodeCore.Web", "MyCodeCore.Web\MyCodeCore.Web.csproj", "{1E7BE2AE-B467-41C1-8B2F-54B0C5212AE2}"
EndProject
Project("{9A19103F-16F7-4668-BE54-9A1E7A4F7556}") = "MyCodeCore.Data", "MyCodeCore.Data\MyCodeCore.Data.csproj", "{4BB29B00-6027-48DE-BEF6-58E8F2CBCF3C}"
EndProject
Project("{FAE04EC0-301F-11D3-BF4B-00C04F79EFBC}") = "MyCodeCore.ConsoleApp", "MyCodeCore.ConsoleApp\MyCodeCore.ConsoleApp.csproj", "{E05BA972-063D-48A5-A5FB-4FEE3DD4C53C}"
EndProject
Global
	GlobalSection(SolutionConfigurationPlatforms) = preSolution
		Debug|Any CPU = Debug|Any CPU
		Release|Any CPU = Release|Any CPU
	EndGlobalSection
	GlobalSection(ProjectConfigurationPlatforms) = postSolution
		{1E7BE2AE-B467-41C1-8B2F-54B0C5212AE2}.Debug|Any CPU.ActiveCfg = Debug|Any CPU
		{1E7BE2AE-B467-41C1-8B2F-54B0C5212AE2}.Debug|Any CPU.Build.0 = Debug|Any CPU
		{1E7BE2AE-B467-41C1-8B2F-54B0C5212AE2}.Release|Any CPU.ActiveCfg = Release|Any CPU
		{1E7BE2AE-B467-41C1-8B2F-54B0C5212AE2}.Release|Any CPU.Build.0 = Release|Any CPU
		{4BB29B00-6027-48DE-BEF6-58E8F2CBCF3C}.Debug|Any CPU.ActiveCfg = Debug|Any CPU
		{4BB29B00-6027-48DE-BEF6-58E8F2CBCF3C}.Debug|Any CPU.Build.0 = Debug|Any CPU
		{4BB29B00-6027-48DE-BEF6-58E8F2CBCF3C}.Release|Any CPU.ActiveCfg = Release|Any CPU
		{4BB29B00-6027-48DE-BEF6-58E8F2CBCF3C}.Release|Any CPU.Build.0 = Release|Any CPU
		{E05BA972-063D-48A5-A5FB-4FEE3DD4C53C}.Debug|Any CPU.ActiveCfg = Debug|Any CPU
		{E05BA972-063D-48A5-A5FB-4FEE3DD4C53C}.Debug|Any CPU.Build.0 = Debug|Any CPU
		{E05BA972-063D-48A5-A5FB-4FEE3DD4C53C}.Release|Any CPU.ActiveCfg = Release|Any CPU
		{E05BA972-063D-48A5-A5FB-4FEE3DD4C53C}.Release|Any CPU.Build.0 = Release|Any CPU
	EndGlobalSection
	GlobalSection(SolutionProperties) = preSolution
		HideSolutionNode = FALSE
	EndGlobalSection
	GlobalSection(ExtensibilityGlobals) = postSolution
		SolutionGuid = {D021DC9D-D51A-4A13-A24C-34F85CB942C3}
	EndGlobalSection
EndGlobal
